PODS:
  - SizeClassAwareness (0.1.0)

DEPENDENCIES:
  - SizeClassAwareness (from `../`)

EXTERNAL SOURCES:
  SizeClassAwareness:
    :path: "../"

SPEC CHECKSUMS:
  SizeClassAwareness: 7c679769dcdbacdf8c3c9989e16e3e30175a38de

PODFILE CHECKSUM: 559c968009c62a348b0d32af1d988fd022acb2ad

COCOAPODS: 1.2.0
