PODS:
  - SizeClassAwareness (0.1.0)

DEPENDENCIES:
  - SizeClassAwareness (from `../`)

EXTERNAL SOURCES:
  SizeClassAwareness:
    :path: "../"

SPEC CHECKSUMS:
  SizeClassAwareness: c92c2d2b9422ed1d7e7e6d09958adedda264ccdc

PODFILE CHECKSUM: 943bddceb3aa108a2ac1296ec189dcb76c2afc6f

COCOAPODS: 1.2.0
