// !$*UTF8*$!
{
	archiveVersion = 1;
	classes = {
	};
	objectVersion = 46;
	objects = {

/* Begin PBXBuildFile section */
		8410D9051E50805D003AEA65 /* AppDelegate.swift in Sources */ = {isa = PBXBuildFile; fileRef = 8410D9041E50805D003AEA65 /* AppDelegate.swift */; };
		8410D9071E50805D003AEA65 /* ViewController.swift in Sources */ = {isa = PBXBuildFile; fileRef = 8410D9061E50805D003AEA65 /* ViewController.swift */; };
		8410D90A1E50805D003AEA65 /* Main.storyboard in Resources */ = {isa = PBXBuildFile; fileRef = 8410D9081E50805D003AEA65 /* Main.storyboard */; };
		8410D90C1E50805D003AEA65 /* Assets.xcassets in Resources */ = {isa = PBXBuildFile; fileRef = 8410D90B1E50805D003AEA65 /* Assets.xcassets */; };
		8410D90F1E50805D003AEA65 /* LaunchScreen.storyboard in Resources */ = {isa = PBXBuildFile; fileRef = 8410D90D1E50805D003AEA65 /* LaunchScreen.storyboard */; };
		8410D9171E50B095003AEA65 /* TraitAwareViewController.swift in Sources */ = {isa = PBXBuildFile; fileRef = 8410D9161E50B094003AEA65 /* TraitAwareViewController.swift */; };
		8410D9191E50B176003AEA65 /* UIUserInterfaceSizeClass.swift in Sources */ = {isa = PBXBuildFile; fileRef = 8410D9181E50B176003AEA65 /* UIUserInterfaceSizeClass.swift */; };
/* End PBXBuildFile section */

/* Begin PBXFileReference section */
		8410D9011E50805D003AEA65 /* TraitAwareVC-Demo.app */ = {isa = PBXFileReference; explicitFileType = wrapper.application; includeInIndex = 0; path = "TraitAwareVC-Demo.app"; sourceTree = BUILT_PRODUCTS_DIR; };
		8410D9041E50805D003AEA65 /* AppDelegate.swift */ = {isa = PBXFileReference; lastKnownFileType = sourcecode.swift; path = AppDelegate.swift; sourceTree = "<group>"; };
		8410D9061E50805D003AEA65 /* ViewController.swift */ = {isa = PBXFileReference; lastKnownFileType = sourcecode.swift; path = ViewController.swift; sourceTree = "<group>"; };
		8410D9091E50805D003AEA65 /* Base */ = {isa = PBXFileReference; lastKnownFileType = file.storyboard; name = Base; path = Base.lproj/Main.storyboard; sourceTree = "<group>"; };
		8410D90B1E50805D003AEA65 /* Assets.xcassets */ = {isa = PBXFileReference; lastKnownFileType = folder.assetcatalog; path = Assets.xcassets; sourceTree = "<group>"; };
		8410D90E1E50805D003AEA65 /* Base */ = {isa = PBXFileReference; lastKnownFileType = file.storyboard; name = Base; path = Base.lproj/LaunchScreen.storyboard; sourceTree = "<group>"; };
		8410D9101E50805D003AEA65 /* Info.plist */ = {isa = PBXFileReference; lastKnownFileType = text.plist.xml; path = Info.plist; sourceTree = "<group>"; };
		8410D9161E50B094003AEA65 /* TraitAwareViewController.swift */ = {isa = PBXFileReference; fileEncoding = 4; lastKnownFileType = sourcecode.swift; path = TraitAwareViewController.swift; sourceTree = "<group>"; };
		8410D9181E50B176003AEA65 /* UIUserInterfaceSizeClass.swift */ = {isa = PBXFileReference; fileEncoding = 4; lastKnownFileType = sourcecode.swift; path = UIUserInterfaceSizeClass.swift; sourceTree = "<group>"; };
/* End PBXFileReference section */

/* Begin PBXFrameworksBuildPhase section */
		8410D8FE1E50805D003AEA65 /* Frameworks */ = {
			isa = PBXFrameworksBuildPhase;
			buildActionMask = 2147483647;
			files = (
			);
			runOnlyForDeploymentPostprocessing = 0;
		};
/* End PBXFrameworksBuildPhase section */

/* Begin PBXGroup section */
		8410D8F81E50805D003AEA65 = {
			isa = PBXGroup;
			children = (
				8410D9031E50805D003AEA65 /* TraitAwareVC-Demo */,
				8410D9021E50805D003AEA65 /* Products */,
			);
			sourceTree = "<group>";
		};
		8410D9021E50805D003AEA65 /* Products */ = {
			isa = PBXGroup;
			children = (
				8410D9011E50805D003AEA65 /* TraitAwareVC-Demo.app */,
			);
			name = Products;
			sourceTree = "<group>";
		};
		8410D9031E50805D003AEA65 /* TraitAwareVC-Demo */ = {
			isa = PBXGroup;
			children = (
				8410D9041E50805D003AEA65 /* AppDelegate.swift */,
				8410D9061E50805D003AEA65 /* ViewController.swift */,
				8410D9081E50805D003AEA65 /* Main.storyboard */,
				8410D90B1E50805D003AEA65 /* Assets.xcassets */,
				8410D90D1E50805D003AEA65 /* LaunchScreen.storyboard */,
				8410D9101E50805D003AEA65 /* Info.plist */,
				8410D9161E50B094003AEA65 /* TraitAwareViewController.swift */,
				8410D9181E50B176003AEA65 /* UIUserInterfaceSizeClass.swift */,
			);
			path = "TraitAwareVC-Demo";
			sourceTree = "<group>";
		};
/* End PBXGroup section */

/* Begin PBXNativeTarget section */
		8410D9001E50805D003AEA65 /* TraitAwareVC-Demo */ = {
			isa = PBXNativeTarget;
			buildConfigurationList = 8410D9131E50805D003AEA65 /* Build configuration list for PBXNativeTarget "TraitAwareVC-Demo" */;
			buildPhases = (
				8410D8FD1E50805D003AEA65 /* Sources */,
				8410D8FE1E50805D003AEA65 /* Frameworks */,
				8410D8FF1E50805D003AEA65 /* Resources */,
			);
			buildRules = (
			);
			dependencies = (
			);
			name = "TraitAwareVC-Demo";
			productName = "TraitAwareVC-Demo";
			productReference = 8410D9011E50805D003AEA65 /* TraitAwareVC-Demo.app */;
			productType = "com.apple.product-type.application";
		};
/* End PBXNativeTarget section */

/* Begin PBXProject section */
		8410D8F91E50805D003AEA65 /* Project object */ = {
			isa = PBXProject;
			attributes = {
				LastSwiftUpdateCheck = 0820;
				LastUpgradeCheck = 0820;
				ORGANIZATIONNAME = "Wolfgang Lutz";
				TargetAttributes = {
					8410D9001E50805D003AEA65 = {
						CreatedOnToolsVersion = 8.2.1;
						ProvisioningStyle = Manual;
					};
				};
			};
			buildConfigurationList = 8410D8FC1E50805D003AEA65 /* Build configuration list for PBXProject "TraitAwareVC-Demo" */;
			compatibilityVersion = "Xcode 3.2";
			developmentRegion = English;
			hasScannedForEncodings = 0;
			knownRegions = (
				en,
				Base,
			);
			mainGroup = 8410D8F81E50805D003AEA65;
			productRefGroup = 8410D9021E50805D003AEA65 /* Products */;
			projectDirPath = "";
			projectRoot = "";
			targets = (
				8410D9001E50805D003AEA65 /* TraitAwareVC-Demo */,
			);
		};
/* End PBXProject section */

/* Begin PBXResourcesBuildPhase section */
		8410D8FF1E50805D003AEA65 /* Resources */ = {
			isa = PBXResourcesBuildPhase;
			buildActionMask = 2147483647;
			files = (
				8410D90F1E50805D003AEA65 /* LaunchScreen.storyboard in Resources */,
				8410D90C1E50805D003AEA65 /* Assets.xcassets in Resources */,
				8410D90A1E50805D003AEA65 /* Main.storyboard in Resources */,
			);
			runOnlyForDeploymentPostprocessing = 0;
		};
/* End PBXResourcesBuildPhase section */

/* Begin PBXSourcesBuildPhase section */
		8410D8FD1E50805D003AEA65 /* Sources */ = {
			isa = PBXSourcesBuildPhase;
			buildActionMask = 2147483647;
			files = (
				8410D9191E50B176003AEA65 /* UIUserInterfaceSizeClass.swift in Sources */,
				8410D9071E50805D003AEA65 /* ViewController.swift in Sources */,
				8410D9051E50805D003AEA65 /* AppDelegate.swift in Sources */,
				8410D9171E50B095003AEA65 /* TraitAwareViewController.swift in Sources */,
			);
			runOnlyForDeploymentPostprocessing = 0;
		};
/* End PBXSourcesBuildPhase section */

/* Begin PBXVariantGroup section */
		8410D9081E50805D003AEA65 /* Main.storyboard */ = {
			isa = PBXVariantGroup;
			children = (
				8410D9091E50805D003AEA65 /* Base */,
			);
			name = Main.storyboard;
			sourceTree = "<group>";
		};
		8410D90D1E50805D003AEA65 /* LaunchScreen.storyboard */ = {
			isa = PBXVariantGroup;
			children = (
				8410D90E1E50805D003AEA65 /* Base */,
			);
			name = LaunchScreen.storyboard;
			sourceTree = "<group>";
		};
/* End PBXVariantGroup section */

/* Begin XCBuildConfiguration section */
		8410D9111E50805D003AEA65 /* Debug */ = {
			isa = XCBuildConfiguration;
			buildSettings = {
				ALWAYS_SEARCH_USER_PATHS = NO;
				CLANG_ANALYZER_NONNULL = YES;
				CLANG_CXX_LANGUAGE_STANDARD = "gnu++0x";
				CLANG_CXX_LIBRARY = "libc++";
				CLANG_ENABLE_MODULES = YES;
				CLANG_ENABLE_OBJC_ARC = YES;
				CLANG_WARN_BOOL_CONVERSION = YES;
				CLANG_WARN_CONSTANT_CONVERSION = YES;
				CLANG_WARN_DIRECT_OBJC_ISA_USAGE = YES_ERROR;
				CLANG_WARN_DOCUMENTATION_COMMENTS = YES;
				CLANG_WARN_EMPTY_BODY = YES;
				CLANG_WARN_ENUM_CONVERSION = YES;
				CLANG_WARN_INFINITE_RECURSION = YES;
				CLANG_WARN_INT_CONVERSION = YES;
				CLANG_WARN_OBJC_ROOT_CLASS = YES_ERROR;
				CLANG_WARN_SUSPICIOUS_MOVE = YES;
				CLANG_WARN_UNREACHABLE_CODE = YES;
				CLANG_WARN__DUPLICATE_METHOD_MATCH = YES;
				"CODE_SIGN_IDENTITY[sdk=iphoneos*]" = "iPhone Developer";
				COPY_PHASE_STRIP = NO;
				DEBUG_INFORMATION_FORMAT = dwarf;
				ENABLE_STRICT_OBJC_MSGSEND = YES;
				ENABLE_TESTABILITY = YES;
				GCC_C_LANGUAGE_STANDARD = gnu99;
				GCC_DYNAMIC_NO_PIC = NO;
				GCC_NO_COMMON_BLOCKS = YES;
				GCC_OPTIMIZATION_LEVEL = 0;
				GCC_PREPROCESSOR_DEFINITIONS = (
					"DEBUG=1",
					"$(inherited)",
				);
				GCC_WARN_64_TO_32_BIT_CONVERSION = YES;
				GCC_WARN_ABOUT_RETURN_TYPE = YES_ERROR;
				GCC_WARN_UNDECLARED_SELECTOR = YES;
				GCC_WARN_UNINITIALIZED_AUTOS = YES_AGGRESSIVE;
				GCC_WARN_UNUSED_FUNCTION = YES;
				GCC_WARN_UNUSED_VARIABLE = YES;
				IPHONEOS_DEPLOYMENT_TARGET = 10.2;
				MTL_ENABLE_DEBUG_INFO = YES;
				ONLY_ACTIVE_ARCH = YES;
				SDKROOT = iphoneos;
				SWIFT_ACTIVE_COMPILATION_CONDITIONS = DEBUG;
				SWIFT_OPTIMIZATION_LEVEL = "-Onone";
				TARGETED_DEVICE_FAMILY = "1,2";
			};
			name = Debug;
		};
		8410D9121E50805D003AEA65 /* Release */ = {
			isa = XCBuildConfiguration;
			buildSettings = {
				ALWAYS_SEARCH_USER_PATHS = NO;
				CLANG_ANALYZER_NONNULL = YES;
				CLANG_CXX_LANGUAGE_STANDARD = "gnu++0x";
				CLANG_CXX_LIBRARY = "libc++";
				CLANG_ENABLE_MODULES = YES;
				CLANG_ENABLE_OBJC_ARC = YES;
				CLANG_WARN_BOOL_CONVERSION = YES;
				CLANG_WARN_CONSTANT_CONVERSION = YES;
				CLANG_WARN_DIRECT_OBJC_ISA_USAGE = YES_ERROR;
				CLANG_WARN_DOCUMENTATION_COMMENTS = YES;
				CLANG_WARN_EMPTY_BODY = YES;
				CLANG_WARN_ENUM_CONVERSION = YES;
				CLANG_WARN_INFINITE_RECURSION = YES;
				CLANG_WARN_INT_CONVERSION = YES;
				CLANG_WARN_OBJC_ROOT_CLASS = YES_ERROR;
				CLANG_WARN_SUSPICIOUS_MOVE = YES;
				CLANG_WARN_UNREACHABLE_CODE = YES;
				CLANG_WARN__DUPLICATE_METHOD_MATCH = YES;
				"CODE_SIGN_IDENTITY[sdk=iphoneos*]" = "iPhone Developer";
				COPY_PHASE_STRIP = NO;
				DEBUG_INFORMATION_FORMAT = "dwarf-with-dsym";
				ENABLE_NS_ASSERTIONS = NO;
				ENABLE_STRICT_OBJC_MSGSEND = YES;
				GCC_C_LANGUAGE_STANDARD = gnu99;
				GCC_NO_COMMON_BLOCKS = YES;
				GCC_WARN_64_TO_32_BIT_CONVERSION = YES;
				GCC_WARN_ABOUT_RETURN_TYPE = YES_ERROR;
				GCC_WARN_UNDECLARED_SELECTOR = YES;
				GCC_WARN_UNINITIALIZED_AUTOS = YES_AGGRESSIVE;
				GCC_WARN_UNUSED_FUNCTION = YES;
				GCC_WARN_UNUSED_VARIABLE = YES;
				IPHONEOS_DEPLOYMENT_TARGET = 10.2;
				MTL_ENABLE_DEBUG_INFO = NO;
				SDKROOT = iphoneos;
				SWIFT_OPTIMIZATION_LEVEL = "-Owholemodule";
				TARGETED_DEVICE_FAMILY = "1,2";
				VALIDATE_PRODUCT = YES;
			};
			name = Release;
		};
		8410D9141E50805D003AEA65 /* Debug */ = {
			isa = XCBuildConfiguration;
			buildSettings = {
				ASSETCATALOG_COMPILER_APPICON_NAME = AppIcon;
				DEVELOPMENT_TEAM = "";
				INFOPLIST_FILE = "TraitAwareVC-Demo/Info.plist";
				LD_RUNPATH_SEARCH_PATHS = "$(inherited) @executable_path/Frameworks";
				PRODUCT_BUNDLE_IDENTIFIER = "de.lutz-wiesent.TraitAwareVC-Demo";
				PRODUCT_NAME = "$(TARGET_NAME)";
				SWIFT_VERSION = 3.0;
			};
			name = Debug;
		};
		8410D9151E50805D003AEA65 /* Release */ = {
			isa = XCBuildConfiguration;
			buildSettings = {
				ASSETCATALOG_COMPILER_APPICON_NAME = AppIcon;
				DEVELOPMENT_TEAM = "";
				INFOPLIST_FILE = "TraitAwareVC-Demo/Info.plist";
				LD_RUNPATH_SEARCH_PATHS = "$(inherited) @executable_path/Frameworks";
				PRODUCT_BUNDLE_IDENTIFIER = "de.lutz-wiesent.TraitAwareVC-Demo";
				PRODUCT_NAME = "$(TARGET_NAME)";
				SWIFT_VERSION = 3.0;
			};
			name = Release;
		};
/* End XCBuildConfiguration section */

/* Begin XCConfigurationList section */
		8410D8FC1E50805D003AEA65 /* Build configuration list for PBXProject "TraitAwareVC-Demo" */ = {
			isa = XCConfigurationList;
			buildConfigurations = (
				8410D9111E50805D003AEA65 /* Debug */,
				8410D9121E50805D003AEA65 /* Release */,
			);
			defaultConfigurationIsVisible = 0;
			defaultConfigurationName = Release;
		};
		8410D9131E50805D003AEA65 /* Build configuration list for PBXNativeTarget "TraitAwareVC-Demo" */ = {
			isa = XCConfigurationList;
			buildConfigurations = (
				8410D9141E50805D003AEA65 /* Debug */,
				8410D9151E50805D003AEA65 /* Release */,
			);
			defaultConfigurationIsVisible = 0;
		};
/* End XCConfigurationList section */
	};
	rootObject = 8410D8F91E50805D003AEA65 /* Project object */;
}
